<?xml version="1.0" encoding="utf-8"?>
<Project ToolsVersion="4.0" xmlns="http://schemas.microsoft.com/developer/msbuild/2003">
  <ItemGroup>
    <Filter Include="Source Files">
      <UniqueIdentifier>{4FC737F1-C7A5-4376-A066-2A32D752A2FF}</UniqueIdentifier>
      <Extensions>cpp;c;cc;cxx;c++;cppm;ixx;def;odl;idl;hpj;bat;asm;asmx</Extensions>
    </Filter>
    <Filter Include="Header Files">
      <UniqueIdentifier>{93995380-89BD-4b04-88EB-625FBE52EBFB}</UniqueIdentifier>
      <Extensions>h;hh;hpp;hxx;h++;hm;inl;inc;ipp;xsd</Extensions>
    </Filter>
    <Filter Include="Resource Files">
      <UniqueIdentifier>{67DA6AB6-F800-4c08-8B7A-83BB121AAD01}</UniqueIdentifier>
      <Extensions>rc;ico;cur;bmp;dlg;rc2;rct;bin;rgs;gif;jpg;jpeg;jpe;resx;tiff;tif;png;wav;mfcribbon-ms</Extensions>
    </Filter>
  </ItemGroup>
  <ItemGroup>
    <ClInclude Include="include\auDefines.h">
      <Filter>Header Files</Filter>
    </ClInclude>
    <ClInclude Include="include\auPlatformTypes.h">
      <Filter>Header Files</Filter>
    </ClInclude>
    <ClInclude Include="include\auPrerequisites.h">
      <Filter>Header Files</Filter>
    </ClInclude>
    <ClInclude Include="include\auSTDHeaders.h">
      <Filter>Header Files</Filter>
    </ClInclude>
    <ClInclude Include="include\auAction.h">
      <Filter>Header Files</Filter>
    </ClInclude>
    <ClInclude Include="include\auAStar.h">
      <Filter>Header Files</Filter>
    </ClInclude>
    <ClInclude Include="include\auForDec.h">
      <Filter>Header Files</Filter>
    </ClInclude>
    <ClInclude Include="include\auPlansGraph.h">
      <Filter>Header Files</Filter>
    </ClInclude>
    <ClInclude Include="include\auWorldState.h">
      <Filter>Header Files</Filter>
    </ClInclude>
    <ClInclude Include="include\auPathFinder.h">
      <Filter>Header Files</Filter>
    </ClInclude>
    <ClInclude Include="include\auSearchGraph.h">
      <Filter>Header Files</Filter>
    </ClInclude>
    <ClInclude Include="include\auBreadthFirstSearch.h">
      <Filter>Header Files</Filter>
    </ClInclude>
    <ClInclude Include="include\auPlan.h">
      <Filter>Header Files</Filter>
    </ClInclude>
    <ClInclude Include="auGoapPlanner.h">
      <Filter>Header Files</Filter>
    </ClInclude>
    <ClInclude Include="auDijistra.h">
      <Filter>Header Files</Filter>
    </ClInclude>
  </ItemGroup>
  <ItemGroup>
    <ClCompile Include="source\auAction.cpp">
      <Filter>Source Files</Filter>
    </ClCompile>
    <ClCompile Include="source\auPlansGraph.cpp">
      <Filter>Source Files</Filter>
    </ClCompile>
    <ClCompile Include="source\auWorldState.cpp">
      <Filter>Source Files</Filter>
    </ClCompile>
    <ClCompile Include="source\auPathFinder.cpp">
      <Filter>Source Files</Filter>
    </ClCompile>
    <ClCompile Include="source\auSearchGraph.cpp">
      <Filter>Source Files</Filter>
    </ClCompile>
    <ClCompile Include="source\auBreadthFirstSearch.cpp">
      <Filter>Source Files</Filter>
    </ClCompile>
    <ClCompile Include="source\auAStarGraph.cpp">
      <Filter>Source Files</Filter>
    </ClCompile>
    <ClCompile Include="source\auPlan.cpp">
      <Filter>Source Files</Filter>
    </ClCompile>
    <ClCompile Include="auGoapPlanner.cpp">
      <Filter>Source Files</Filter>
    </ClCompile>
    <ClCompile Include="auDijistra.cpp">
      <Filter>Source Files</Filter>
    </ClCompile>
  </ItemGroup>
</Project>